
Microsoft Visual Studio Solution File, Format Version 12.00
# Visual Studio Version 16
VisualStudioVersion = 16.0.31515.178
MinimumVisualStudioVersion = 10.0.40219.1
Project("{2150E333-8FDC-42A3-9474-1A3956D46DE8}") = "src", "src", "{AC26C8D3-F849-4531-94D9-9D97CAF9ED2C}"
EndProject
Project("{9A19103F-16F7-4668-BE54-9A1E7A4F7556}") = "Codex.Core", "scr\Codex.Core\Codex.Core.csproj", "{2B648FCC-233F-47CF-8416-6859A5100B24}"
EndProject
Project("{9A19103F-16F7-4668-BE54-9A1E7A4F7556}") = "Codex.Utility.Data", "scr\Codex.Utility.Data\Codex.Utility.Data.csproj", "{28139908-4984-4F74-9B7B-1BCEEC9E93AA}"
EndProject
Project("{9A19103F-16F7-4668-BE54-9A1E7A4F7556}") = "Codex.Utility.Http", "scr\Codex.Utility.Http\Codex.Utility.Http.csproj", "{2A3557D6-4878-4718-83C2-EE5864A01F2B}"
EndProject
Project("{9A19103F-16F7-4668-BE54-9A1E7A4F7556}") = "Codex.Utility.MySql", "scr\Codex.Utility.MySql\Codex.Utility.MySql.csproj", "{FDD46239-B987-4A57-ADA6-9D7ED7075558}"
EndProject
Project("{9A19103F-16F7-4668-BE54-9A1E7A4F7556}") = "Codex.Utility.NPOI", "scr\Codex.Utility.NPOI\Codex.Utility.NPOI.csproj", "{A3DC9FB3-C368-4D8F-A885-FBAC135473FC}"
EndProject
Project("{9A19103F-16F7-4668-BE54-9A1E7A4F7556}") = "Codex.Utility.Sql", "scr\Codex.Utility.Sql\Codex.Utility.Sql.csproj", "{440BB180-BFEC-4E66-9724-5CB8FF647C69}"
EndProject
Project("{9A19103F-16F7-4668-BE54-9A1E7A4F7556}") = "Codex.Utility.Terminal", "scr\Codex.Utility.Terminal\Codex.Utility.Terminal.csproj", "{126EF2AD-59F5-47D0-A80F-A917ED868674}"
EndProject
Project("{2150E333-8FDC-42A3-9474-1A3956D46DE8}") = "samples", "samples", "{B726D154-6EBB-4DAE-90D1-AAD43F7638F7}"
EndProject
Project("{9A19103F-16F7-4668-BE54-9A1E7A4F7556}") = "Test_Console", "samples\Test_Console\Test_Console.csproj", "{68275C88-8A59-4104-94AC-0C44545B02AB}"
EndProject
Global
	GlobalSection(SolutionConfigurationPlatforms) = preSolution
		Debug|Any CPU = Debug|Any CPU
		Release|Any CPU = Release|Any CPU
	EndGlobalSection
	GlobalSection(ProjectConfigurationPlatforms) = postSolution
		{2B648FCC-233F-47CF-8416-6859A5100B24}.Debug|Any CPU.ActiveCfg = Debug|Any CPU
		{2B648FCC-233F-47CF-8416-6859A5100B24}.Debug|Any CPU.Build.0 = Debug|Any CPU
		{2B648FCC-233F-47CF-8416-6859A5100B24}.Release|Any CPU.ActiveCfg = Release|Any CPU
		{2B648FCC-233F-47CF-8416-6859A5100B24}.Release|Any CPU.Build.0 = Release|Any CPU
		{28139908-4984-4F74-9B7B-1BCEEC9E93AA}.Debug|Any CPU.ActiveCfg = Debug|Any CPU
		{28139908-4984-4F74-9B7B-1BCEEC9E93AA}.Debug|Any CPU.Build.0 = Debug|Any CPU
		{28139908-4984-4F74-9B7B-1BCEEC9E93AA}.Release|Any CPU.ActiveCfg = Release|Any CPU
		{28139908-4984-4F74-9B7B-1BCEEC9E93AA}.Release|Any CPU.Build.0 = Release|Any CPU
		{2A3557D6-4878-4718-83C2-EE5864A01F2B}.Debug|Any CPU.ActiveCfg = Debug|Any CPU
		{2A3557D6-4878-4718-83C2-EE5864A01F2B}.Debug|Any CPU.Build.0 = Debug|Any CPU
		{2A3557D6-4878-4718-83C2-EE5864A01F2B}.Release|Any CPU.ActiveCfg = Release|Any CPU
		{2A3557D6-4878-4718-83C2-EE5864A01F2B}.Release|Any CPU.Build.0 = Release|Any CPU
		{FDD46239-B987-4A57-ADA6-9D7ED7075558}.Debug|Any CPU.ActiveCfg = Debug|Any CPU
		{FDD46239-B987-4A57-ADA6-9D7ED7075558}.Debug|Any CPU.Build.0 = Debug|Any CPU
		{FDD46239-B987-4A57-ADA6-9D7ED7075558}.Release|Any CPU.ActiveCfg = Release|Any CPU
		{FDD46239-B987-4A57-ADA6-9D7ED7075558}.Release|Any CPU.Build.0 = Release|Any CPU
		{A3DC9FB3-C368-4D8F-A885-FBAC135473FC}.Debug|Any CPU.ActiveCfg = Debug|Any CPU
		{A3DC9FB3-C368-4D8F-A885-FBAC135473FC}.Debug|Any CPU.Build.0 = Debug|Any CPU
		{A3DC9FB3-C368-4D8F-A885-FBAC135473FC}.Release|Any CPU.ActiveCfg = Release|Any CPU
		{A3DC9FB3-C368-4D8F-A885-FBAC135473FC}.Release|Any CPU.Build.0 = Release|Any CPU
		{440BB180-BFEC-4E66-9724-5CB8FF647C69}.Debug|Any CPU.ActiveCfg = Debug|Any CPU
		{440BB180-BFEC-4E66-9724-5CB8FF647C69}.Debug|Any CPU.Build.0 = Debug|Any CPU
		{440BB180-BFEC-4E66-9724-5CB8FF647C69}.Release|Any CPU.ActiveCfg = Release|Any CPU
		{440BB180-BFEC-4E66-9724-5CB8FF647C69}.Release|Any CPU.Build.0 = Release|Any CPU
		{126EF2AD-59F5-47D0-A80F-A917ED868674}.Debug|Any CPU.ActiveCfg = Debug|Any CPU
		{126EF2AD-59F5-47D0-A80F-A917ED868674}.Debug|Any CPU.Build.0 = Debug|Any CPU
		{126EF2AD-59F5-47D0-A80F-A917ED868674}.Release|Any CPU.ActiveCfg = Release|Any CPU
		{126EF2AD-59F5-47D0-A80F-A917ED868674}.Release|Any CPU.Build.0 = Release|Any CPU
		{68275C88-8A59-4104-94AC-0C44545B02AB}.Debug|Any CPU.ActiveCfg = Debug|Any CPU
		{68275C88-8A59-4104-94AC-0C44545B02AB}.Debug|Any CPU.Build.0 = Debug|Any CPU
		{68275C88-8A59-4104-94AC-0C44545B02AB}.Release|Any CPU.ActiveCfg = Release|Any CPU
		{68275C88-8A59-4104-94AC-0C44545B02AB}.Release|Any CPU.Build.0 = Release|Any CPU
	EndGlobalSection
	GlobalSection(SolutionProperties) = preSolution
		HideSolutionNode = FALSE
	EndGlobalSection
	GlobalSection(NestedProjects) = preSolution
		{2B648FCC-233F-47CF-8416-6859A5100B24} = {AC26C8D3-F849-4531-94D9-9D97CAF9ED2C}
		{28139908-4984-4F74-9B7B-1BCEEC9E93AA} = {AC26C8D3-F849-4531-94D9-9D97CAF9ED2C}
		{2A3557D6-4878-4718-83C2-EE5864A01F2B} = {AC26C8D3-F849-4531-94D9-9D97CAF9ED2C}
		{FDD46239-B987-4A57-ADA6-9D7ED7075558} = {AC26C8D3-F849-4531-94D9-9D97CAF9ED2C}
		{A3DC9FB3-C368-4D8F-A885-FBAC135473FC} = {AC26C8D3-F849-4531-94D9-9D97CAF9ED2C}
		{440BB180-BFEC-4E66-9724-5CB8FF647C69} = {AC26C8D3-F849-4531-94D9-9D97CAF9ED2C}
		{126EF2AD-59F5-47D0-A80F-A917ED868674} = {AC26C8D3-F849-4531-94D9-9D97CAF9ED2C}
		{68275C88-8A59-4104-94AC-0C44545B02AB} = {B726D154-6EBB-4DAE-90D1-AAD43F7638F7}
	EndGlobalSection
	GlobalSection(ExtensibilityGlobals) = postSolution
		SolutionGuid = {79D02891-0F57-4072-AD0D-CC377403E220}
	EndGlobalSection
EndGlobal
