
Microsoft Visual Studio Solution File, Format Version 12.00
# Visual Studio Version 16
VisualStudioVersion = 16.0.30523.141
MinimumVisualStudioVersion = 10.0.40219.1
Project("{9A19103F-16F7-4668-BE54-9A1E7A4F7556}") = "Codex", "Codex\Codex.csproj", "{A8A6C7DC-B4B5-4E32-8543-49F418E7620D}"
EndProject
Project("{9A19103F-16F7-4668-BE54-9A1E7A4F7556}") = "Test_Console", "Test_Console\Test_Console.csproj", "{9007E7CD-2E3B-4A01-B26E-AEC971BFE564}"
EndProject
Project("{9A19103F-16F7-4668-BE54-9A1E7A4F7556}") = "Codex.NPOI", "Codex.NPOI\Codex.NPOI.csproj", "{8291A790-7413-4D71-ABB6-1F9FC9C171B6}"
EndProject
Project("{9A19103F-16F7-4668-BE54-9A1E7A4F7556}") = "Codex.Terminal", "Codex.Terminal\Codex.Terminal.csproj", "{FE16E24D-6693-4FD9-9BE9-81ADA940B1FB}"
EndProject
Project("{9A19103F-16F7-4668-BE54-9A1E7A4F7556}") = "Codex.Http", "Codex.Http\Codex.Http.csproj", "{CE0F06A8-E555-443F-8B78-CBAF52FA3808}"
EndProject
Project("{9A19103F-16F7-4668-BE54-9A1E7A4F7556}") = "Codex.Sql", "Codex.Sql\Codex.Sql.csproj", "{8D4B4C5D-2ED8-4D3E-9AE9-45E00F4C903F}"
EndProject
Project("{9A19103F-16F7-4668-BE54-9A1E7A4F7556}") = "Codex.MySql", "Codex.MySql\Codex.MySql.csproj", "{4C9894CB-7954-4AF4-8D80-F75633EF0099}"
EndProject
Project("{9A19103F-16F7-4668-BE54-9A1E7A4F7556}") = "RichieSays", "RichieSays\RichieSays.csproj", "{6C52E31A-871C-42BD-A077-352AE9CA9F66}"
EndProject
Project("{FAE04EC0-301F-11D3-BF4B-00C04F79EFBC}") = "Codex.Data", "Codex.Data\Codex.Data.csproj", "{2F302475-0955-4EC6-8925-13052B19CFDC}"
EndProject
Global
	GlobalSection(SolutionConfigurationPlatforms) = preSolution
		Debug|Any CPU = Debug|Any CPU
		Release|Any CPU = Release|Any CPU
	EndGlobalSection
	GlobalSection(ProjectConfigurationPlatforms) = postSolution
		{A8A6C7DC-B4B5-4E32-8543-49F418E7620D}.Debug|Any CPU.ActiveCfg = Debug|Any CPU
		{A8A6C7DC-B4B5-4E32-8543-49F418E7620D}.Debug|Any CPU.Build.0 = Debug|Any CPU
		{A8A6C7DC-B4B5-4E32-8543-49F418E7620D}.Release|Any CPU.ActiveCfg = Release|Any CPU
		{A8A6C7DC-B4B5-4E32-8543-49F418E7620D}.Release|Any CPU.Build.0 = Release|Any CPU
		{9007E7CD-2E3B-4A01-B26E-AEC971BFE564}.Debug|Any CPU.ActiveCfg = Debug|Any CPU
		{9007E7CD-2E3B-4A01-B26E-AEC971BFE564}.Debug|Any CPU.Build.0 = Debug|Any CPU
		{9007E7CD-2E3B-4A01-B26E-AEC971BFE564}.Release|Any CPU.ActiveCfg = Release|Any CPU
		{9007E7CD-2E3B-4A01-B26E-AEC971BFE564}.Release|Any CPU.Build.0 = Release|Any CPU
		{8291A790-7413-4D71-ABB6-1F9FC9C171B6}.Debug|Any CPU.ActiveCfg = Debug|Any CPU
		{8291A790-7413-4D71-ABB6-1F9FC9C171B6}.Debug|Any CPU.Build.0 = Debug|Any CPU
		{8291A790-7413-4D71-ABB6-1F9FC9C171B6}.Release|Any CPU.ActiveCfg = Release|Any CPU
		{8291A790-7413-4D71-ABB6-1F9FC9C171B6}.Release|Any CPU.Build.0 = Release|Any CPU
		{FE16E24D-6693-4FD9-9BE9-81ADA940B1FB}.Debug|Any CPU.ActiveCfg = Debug|Any CPU
		{FE16E24D-6693-4FD9-9BE9-81ADA940B1FB}.Debug|Any CPU.Build.0 = Debug|Any CPU
		{FE16E24D-6693-4FD9-9BE9-81ADA940B1FB}.Release|Any CPU.ActiveCfg = Release|Any CPU
		{FE16E24D-6693-4FD9-9BE9-81ADA940B1FB}.Release|Any CPU.Build.0 = Release|Any CPU
		{CE0F06A8-E555-443F-8B78-CBAF52FA3808}.Debug|Any CPU.ActiveCfg = Debug|Any CPU
		{CE0F06A8-E555-443F-8B78-CBAF52FA3808}.Debug|Any CPU.Build.0 = Debug|Any CPU
		{CE0F06A8-E555-443F-8B78-CBAF52FA3808}.Release|Any CPU.ActiveCfg = Release|Any CPU
		{CE0F06A8-E555-443F-8B78-CBAF52FA3808}.Release|Any CPU.Build.0 = Release|Any CPU
		{8D4B4C5D-2ED8-4D3E-9AE9-45E00F4C903F}.Debug|Any CPU.ActiveCfg = Debug|Any CPU
		{8D4B4C5D-2ED8-4D3E-9AE9-45E00F4C903F}.Debug|Any CPU.Build.0 = Debug|Any CPU
		{8D4B4C5D-2ED8-4D3E-9AE9-45E00F4C903F}.Release|Any CPU.ActiveCfg = Release|Any CPU
		{8D4B4C5D-2ED8-4D3E-9AE9-45E00F4C903F}.Release|Any CPU.Build.0 = Release|Any CPU
		{4C9894CB-7954-4AF4-8D80-F75633EF0099}.Debug|Any CPU.ActiveCfg = Debug|Any CPU
		{4C9894CB-7954-4AF4-8D80-F75633EF0099}.Debug|Any CPU.Build.0 = Debug|Any CPU
		{4C9894CB-7954-4AF4-8D80-F75633EF0099}.Release|Any CPU.ActiveCfg = Release|Any CPU
		{4C9894CB-7954-4AF4-8D80-F75633EF0099}.Release|Any CPU.Build.0 = Release|Any CPU
		{6C52E31A-871C-42BD-A077-352AE9CA9F66}.Debug|Any CPU.ActiveCfg = Debug|Any CPU
		{6C52E31A-871C-42BD-A077-352AE9CA9F66}.Debug|Any CPU.Build.0 = Debug|Any CPU
		{6C52E31A-871C-42BD-A077-352AE9CA9F66}.Release|Any CPU.ActiveCfg = Release|Any CPU
		{6C52E31A-871C-42BD-A077-352AE9CA9F66}.Release|Any CPU.Build.0 = Release|Any CPU
		{2F302475-0955-4EC6-8925-13052B19CFDC}.Debug|Any CPU.ActiveCfg = Debug|Any CPU
		{2F302475-0955-4EC6-8925-13052B19CFDC}.Debug|Any CPU.Build.0 = Debug|Any CPU
		{2F302475-0955-4EC6-8925-13052B19CFDC}.Release|Any CPU.ActiveCfg = Release|Any CPU
		{2F302475-0955-4EC6-8925-13052B19CFDC}.Release|Any CPU.Build.0 = Release|Any CPU
	EndGlobalSection
	GlobalSection(SolutionProperties) = preSolution
		HideSolutionNode = FALSE
	EndGlobalSection
	GlobalSection(ExtensibilityGlobals) = postSolution
		SolutionGuid = {104530AC-D86E-426D-966A-1C16B4FD8375}
	EndGlobalSection
EndGlobal
